schema: '2.0'
stages:
  data_ingestion:
    cmd: python src/deepClassifier/pipeline/stage_01_data_ingestion.py
    deps:
    - path: configs/config.yaml
      md5: 1ec520a6d61da3ea35c23366a01cf083
      size: 829
    - path: src/deepClassifier/pipeline/stage_01_data_ingestion.py
      md5: 9beab6a29e8073f7300de1d0dc1cb718
      size: 743
    outs:
    - path: artifacts/data_ingestion/PetImages
      md5: 3a5cf86541f22c236620ce5b952ad684.dir
      size: 848866410
      nfiles: 24998
  prepare_base_model:
    cmd: python src/deepClassifier/pipeline/stage_02_prepare_base_model.py
    deps:
    - path: configs/config.yaml
      md5: 1ec520a6d61da3ea35c23366a01cf083
      size: 829
    - path: src/deepClassifier/pipeline/stage_02_prepare_base_model.py
      md5: f64bd7b91ed3cc7fa0ef6340713a7488
      size: 846
    params:
      params.yaml:
        CLASSES: 2
        IMAGE_SIZE:
        - 224
        - 224
        - 3
        INCLUDE_TOP: false
        LEARNING_RATE: 0.01
        WEIGHTS: imagenet
    outs:
    - path: artifacts/prepare_base_model
      md5: afe44eac4064a2f3f9951502db687865.dir
      size: 118053368
      nfiles: 2
  training:
    cmd: python src/deepClassifier/pipeline/stage_03_training.py
    deps:
    - path: artifacts/data_ingestion/PetImages
      md5: 3a5cf86541f22c236620ce5b952ad684.dir
      size: 848866410
      nfiles: 24998
    - path: artifacts/prepare_base_model
      md5: afe44eac4064a2f3f9951502db687865.dir
      size: 118053368
      nfiles: 2
    - path: configs/config.yaml
      md5: 1ec520a6d61da3ea35c23366a01cf083
      size: 829
    - path: src/deepClassifier/components/prepare_callback.py
      md5: 3897f8ceee631c04275944dfd647849f
      size: 933
    - path: src/deepClassifier/pipeline/stage_03_training.py
      md5: 9bc7d13e0998651269c4fe3d29273f53
      size: 1076
    params:
      params.yaml:
        AUGMENTATION: true
        BATCH_SIZE: 16
        EPOCHS: 1
        IMAGE_SIZE:
        - 224
        - 224
        - 3
    outs:
    - path: artifacts/training/model.h5
      md5: 25a57ce6f463948b6294559bff04215f
      size: 59135136
  evaluation:
    cmd: python src/deepClassifier/pipeline/stage_04_evaluation.py
    deps:
    - path: artifacts/data_ingestion/PetImages
      md5: 3a5cf86541f22c236620ce5b952ad684.dir
      size: 848866410
      nfiles: 24998
    - path: artifacts/training/model.h5
      md5: 25a57ce6f463948b6294559bff04215f
      size: 59135136
    - path: configs/config.yaml
      md5: 1ec520a6d61da3ea35c23366a01cf083
      size: 829
    - path: src/deepClassifier/pipeline/stage_04_evaluation.py
      md5: 005288f646904944269379506969fc1a
      size: 748
    params:
      params.yaml:
        BATCH_SIZE: 16
        IMAGE_SIZE:
        - 224
        - 224
        - 3
    outs:
    - path: scores.json
      md5: 1455096c6caf08475a7ee9e7cea2ab93
      size: 72
