schema: '2.0'
stages:
  data_ingestion:
    cmd: python src/deepClassifier/pipeline/stage_01_data_ingestion.py
    deps:
    - path: configs/config.yaml
      md5: 1ec520a6d61da3ea35c23366a01cf083
      size: 829
    - path: src/deepClassifier/pipeline/stage_01_data_ingestion.py
      md5: 9beab6a29e8073f7300de1d0dc1cb718
      size: 743
    outs:
    - path: artifacts/data_ingestion/PetImages
      md5: 3a5cf86541f22c236620ce5b952ad684.dir
      size: 848866410
      nfiles: 24998
